
Microsoft Visual Studio Solution File, Format Version 12.00
# Visual Studio Version 17
VisualStudioVersion = 17.5.33502.453
MinimumVisualStudioVersion = 10.0.40219.1
Project("{FAE04EC0-301F-11D3-BF4B-00C04F79EFBC}") = "DependencyInjectionExample", "DependencyInjectionExample\DependencyInjectionExample.csproj", "{DA130DA2-E172-4EB9-97DC-7B2B627ADAFF}"
EndProject
Global
	GlobalSection(SolutionConfigurationPlatforms) = preSolution
		Debug|Any CPU = Debug|Any CPU
		Release|Any CPU = Release|Any CPU
	EndGlobalSection
	GlobalSection(ProjectConfigurationPlatforms) = postSolution
		{DA130DA2-E172-4EB9-97DC-7B2B627ADAFF}.Debug|Any CPU.ActiveCfg = Debug|Any CPU
		{DA130DA2-E172-4EB9-97DC-7B2B627ADAFF}.Debug|Any CPU.Build.0 = Debug|Any CPU
		{DA130DA2-E172-4EB9-97DC-7B2B627ADAFF}.Release|Any CPU.ActiveCfg = Release|Any CPU
		{DA130DA2-E172-4EB9-97DC-7B2B627ADAFF}.Release|Any CPU.Build.0 = Release|Any CPU
	EndGlobalSection
	GlobalSection(SolutionProperties) = preSolution
		HideSolutionNode = FALSE
	EndGlobalSection
	GlobalSection(ExtensibilityGlobals) = postSolution
		SolutionGuid = {456CE448-18AA-4419-94D7-3786EE3F6C9B}
	EndGlobalSection
EndGlobal
